// !$*UTF8*$!
{
	archiveVersion = 1;
	classes = {
	};
	objectVersion = 56;
	objects = {

/* Begin PBXBuildFile section */
		E54FF2712C16A03400C4B7BB /* AppDelegate.swift in Sources */ = {isa = PBXBuildFile; fileRef = E54FF2702C16A03400C4B7BB /* AppDelegate.swift */; };
		E54FF2732C16A03400C4B7BB /* SceneDelegate.swift in Sources */ = {isa = PBXBuildFile; fileRef = E54FF2722C16A03400C4B7BB /* SceneDelegate.swift */; };
		E54FF2752C16A03400C4B7BB /* ViewController.swift in Sources */ = {isa = PBXBuildFile; fileRef = E54FF2742C16A03400C4B7BB /* ViewController.swift */; };
		E54FF2782C16A03400C4B7BB /* Base in Resources */ = {isa = PBXBuildFile; fileRef = E54FF2772C16A03400C4B7BB /* Base */; };
		E54FF27A2C16A03500C4B7BB /* Assets.xcassets in Resources */ = {isa = PBXBuildFile; fileRef = E54FF2792C16A03500C4B7BB /* Assets.xcassets */; };
		E54FF27D2C16A03500C4B7BB /* Base in Resources */ = {isa = PBXBuildFile; fileRef = E54FF27C2C16A03500C4B7BB /* Base */; };
		E54FF2882C16A03500C4B7BB /* ConfigurationTests.swift in Sources */ = {isa = PBXBuildFile; fileRef = E54FF2872C16A03500C4B7BB /* ConfigurationTests.swift */; };
		E54FF2922C16A03500C4B7BB /* ConfigurationUITests.swift in Sources */ = {isa = PBXBuildFile; fileRef = E54FF2912C16A03500C4B7BB /* ConfigurationUITests.swift */; };
		E54FF2942C16A03500C4B7BB /* ConfigurationUITestsLaunchTests.swift in Sources */ = {isa = PBXBuildFile; fileRef = E54FF2932C16A03500C4B7BB /* ConfigurationUITestsLaunchTests.swift */; };
/* End PBXBuildFile section */

/* Begin PBXContainerItemProxy section */
		E54FF2842C16A03500C4B7BB /* PBXContainerItemProxy */ = {
			isa = PBXContainerItemProxy;
			containerPortal = E54FF2652C16A03400C4B7BB /* Project object */;
			proxyType = 1;
			remoteGlobalIDString = E54FF26C2C16A03400C4B7BB;
			remoteInfo = Configuration;
		};
		E54FF28E2C16A03500C4B7BB /* PBXContainerItemProxy */ = {
			isa = PBXContainerItemProxy;
			containerPortal = E54FF2652C16A03400C4B7BB /* Project object */;
			proxyType = 1;
			remoteGlobalIDString = E54FF26C2C16A03400C4B7BB;
			remoteInfo = Configuration;
		};
/* End PBXContainerItemProxy section */

/* Begin PBXFileReference section */
		E54FF26D2C16A03400C4B7BB /* Configuration.app */ = {isa = PBXFileReference; explicitFileType = wrapper.application; includeInIndex = 0; path = Configuration.app; sourceTree = BUILT_PRODUCTS_DIR; };
		E54FF2702C16A03400C4B7BB /* AppDelegate.swift */ = {isa = PBXFileReference; lastKnownFileType = sourcecode.swift; path = AppDelegate.swift; sourceTree = "<group>"; };
		E54FF2722C16A03400C4B7BB /* SceneDelegate.swift */ = {isa = PBXFileReference; lastKnownFileType = sourcecode.swift; path = SceneDelegate.swift; sourceTree = "<group>"; };
		E54FF2742C16A03400C4B7BB /* ViewController.swift */ = {isa = PBXFileReference; lastKnownFileType = sourcecode.swift; path = ViewController.swift; sourceTree = "<group>"; };
		E54FF2772C16A03400C4B7BB /* Base */ = {isa = PBXFileReference; lastKnownFileType = file.storyboard; name = Base; path = Base.lproj/Main.storyboard; sourceTree = "<group>"; };
		E54FF2792C16A03500C4B7BB /* Assets.xcassets */ = {isa = PBXFileReference; lastKnownFileType = folder.assetcatalog; path = Assets.xcassets; sourceTree = "<group>"; };
		E54FF27C2C16A03500C4B7BB /* Base */ = {isa = PBXFileReference; lastKnownFileType = file.storyboard; name = Base; path = Base.lproj/LaunchScreen.storyboard; sourceTree = "<group>"; };
		E54FF27E2C16A03500C4B7BB /* Info.plist */ = {isa = PBXFileReference; lastKnownFileType = text.plist.xml; path = Info.plist; sourceTree = "<group>"; };
		E54FF2832C16A03500C4B7BB /* ConfigurationTests.xctest */ = {isa = PBXFileReference; explicitFileType = wrapper.cfbundle; includeInIndex = 0; path = ConfigurationTests.xctest; sourceTree = BUILT_PRODUCTS_DIR; };
		E54FF2872C16A03500C4B7BB /* ConfigurationTests.swift */ = {isa = PBXFileReference; lastKnownFileType = sourcecode.swift; path = ConfigurationTests.swift; sourceTree = "<group>"; };
		E54FF28D2C16A03500C4B7BB /* ConfigurationUITests.xctest */ = {isa = PBXFileReference; explicitFileType = wrapper.cfbundle; includeInIndex = 0; path = ConfigurationUITests.xctest; sourceTree = BUILT_PRODUCTS_DIR; };
		E54FF2912C16A03500C4B7BB /* ConfigurationUITests.swift */ = {isa = PBXFileReference; lastKnownFileType = sourcecode.swift; path = ConfigurationUITests.swift; sourceTree = "<group>"; };
		E54FF2932C16A03500C4B7BB /* ConfigurationUITestsLaunchTests.swift */ = {isa = PBXFileReference; lastKnownFileType = sourcecode.swift; path = ConfigurationUITestsLaunchTests.swift; sourceTree = "<group>"; };
/* End PBXFileReference section */

/* Begin PBXFrameworksBuildPhase section */
		E54FF26A2C16A03400C4B7BB /* Frameworks */ = {
			isa = PBXFrameworksBuildPhase;
			buildActionMask = 2147483647;
			files = (
			);
			runOnlyForDeploymentPostprocessing = 0;
		};
		E54FF2802C16A03500C4B7BB /* Frameworks */ = {
			isa = PBXFrameworksBuildPhase;
			buildActionMask = 2147483647;
			files = (
			);
			runOnlyForDeploymentPostprocessing = 0;
		};
		E54FF28A2C16A03500C4B7BB /* Frameworks */ = {
			isa = PBXFrameworksBuildPhase;
			buildActionMask = 2147483647;
			files = (
			);
			runOnlyForDeploymentPostprocessing = 0;
		};
/* End PBXFrameworksBuildPhase section */

/* Begin PBXGroup section */
		E54FF2642C16A03400C4B7BB = {
			isa = PBXGroup;
			children = (
				E54FF26F2C16A03400C4B7BB /* Configuration */,
				E54FF2862C16A03500C4B7BB /* ConfigurationTests */,
				E54FF2902C16A03500C4B7BB /* ConfigurationUITests */,
				E54FF26E2C16A03400C4B7BB /* Products */,
			);
			sourceTree = "<group>";
		};
		E54FF26E2C16A03400C4B7BB /* Products */ = {
			isa = PBXGroup;
			children = (
				E54FF26D2C16A03400C4B7BB /* Configuration.app */,
				E54FF2832C16A03500C4B7BB /* ConfigurationTests.xctest */,
				E54FF28D2C16A03500C4B7BB /* ConfigurationUITests.xctest */,
			);
			name = Products;
			sourceTree = "<group>";
		};
		E54FF26F2C16A03400C4B7BB /* Configuration */ = {
			isa = PBXGroup;
			children = (
				E54FF2702C16A03400C4B7BB /* AppDelegate.swift */,
				E54FF2722C16A03400C4B7BB /* SceneDelegate.swift */,
				E54FF2742C16A03400C4B7BB /* ViewController.swift */,
				E54FF2762C16A03400C4B7BB /* Main.storyboard */,
				E54FF2792C16A03500C4B7BB /* Assets.xcassets */,
				E54FF27B2C16A03500C4B7BB /* LaunchScreen.storyboard */,
				E54FF27E2C16A03500C4B7BB /* Info.plist */,
			);
			path = Configuration;
			sourceTree = "<group>";
		};
		E54FF2862C16A03500C4B7BB /* ConfigurationTests */ = {
			isa = PBXGroup;
			children = (
				E54FF2872C16A03500C4B7BB /* ConfigurationTests.swift */,
			);
			path = ConfigurationTests;
			sourceTree = "<group>";
		};
		E54FF2902C16A03500C4B7BB /* ConfigurationUITests */ = {
			isa = PBXGroup;
			children = (
				E54FF2912C16A03500C4B7BB /* ConfigurationUITests.swift */,
				E54FF2932C16A03500C4B7BB /* ConfigurationUITestsLaunchTests.swift */,
			);
			path = ConfigurationUITests;
			sourceTree = "<group>";
		};
/* End PBXGroup section */

/* Begin PBXNativeTarget section */
		E54FF26C2C16A03400C4B7BB /* Configuration */ = {
			isa = PBXNativeTarget;
			buildConfigurationList = E54FF2972C16A03500C4B7BB /* Build configuration list for PBXNativeTarget "Configuration" */;
			buildPhases = (
				E54FF2692C16A03400C4B7BB /* Sources */,
				E54FF26A2C16A03400C4B7BB /* Frameworks */,
				E54FF26B2C16A03400C4B7BB /* Resources */,
			);
			buildRules = (
			);
			dependencies = (
			);
			name = Configuration;
			productName = Configuration;
			productReference = E54FF26D2C16A03400C4B7BB /* Configuration.app */;
			productType = "com.apple.product-type.application";
		};
		E54FF2822C16A03500C4B7BB /* ConfigurationTests */ = {
			isa = PBXNativeTarget;
			buildConfigurationList = E54FF29A2C16A03500C4B7BB /* Build configuration list for PBXNativeTarget "ConfigurationTests" */;
			buildPhases = (
				E54FF27F2C16A03500C4B7BB /* Sources */,
				E54FF2802C16A03500C4B7BB /* Frameworks */,
				E54FF2812C16A03500C4B7BB /* Resources */,
			);
			buildRules = (
			);
			dependencies = (
				E54FF2852C16A03500C4B7BB /* PBXTargetDependency */,
			);
			name = ConfigurationTests;
			productName = ConfigurationTests;
			productReference = E54FF2832C16A03500C4B7BB /* ConfigurationTests.xctest */;
			productType = "com.apple.product-type.bundle.unit-test";
		};
		E54FF28C2C16A03500C4B7BB /* ConfigurationUITests */ = {
			isa = PBXNativeTarget;
			buildConfigurationList = E54FF29D2C16A03500C4B7BB /* Build configuration list for PBXNativeTarget "ConfigurationUITests" */;
			buildPhases = (
				E54FF2892C16A03500C4B7BB /* Sources */,
				E54FF28A2C16A03500C4B7BB /* Frameworks */,
				E54FF28B2C16A03500C4B7BB /* Resources */,
			);
			buildRules = (
			);
			dependencies = (
				E54FF28F2C16A03500C4B7BB /* PBXTargetDependency */,
			);
			name = ConfigurationUITests;
			productName = ConfigurationUITests;
			productReference = E54FF28D2C16A03500C4B7BB /* ConfigurationUITests.xctest */;
			productType = "com.apple.product-type.bundle.ui-testing";
		};
/* End PBXNativeTarget section */

/* Begin PBXProject section */
		E54FF2652C16A03400C4B7BB /* Project object */ = {
			isa = PBXProject;
			attributes = {
				BuildIndependentTargetsInParallel = 1;
				LastSwiftUpdateCheck = 1540;
				LastUpgradeCheck = 1540;
				TargetAttributes = {
					E54FF26C2C16A03400C4B7BB = {
						CreatedOnToolsVersion = 15.4;
					};
					E54FF2822C16A03500C4B7BB = {
						CreatedOnToolsVersion = 15.4;
						TestTargetID = E54FF26C2C16A03400C4B7BB;
					};
					E54FF28C2C16A03500C4B7BB = {
						CreatedOnToolsVersion = 15.4;
						TestTargetID = E54FF26C2C16A03400C4B7BB;
					};
				};
			};
			buildConfigurationList = E54FF2682C16A03400C4B7BB /* Build configuration list for PBXProject "Configuration" */;
			compatibilityVersion = "Xcode 14.0";
			developmentRegion = en;
			hasScannedForEncodings = 0;
			knownRegions = (
				en,
				Base,
			);
			mainGroup = E54FF2642C16A03400C4B7BB;
			productRefGroup = E54FF26E2C16A03400C4B7BB /* Products */;
			projectDirPath = "";
			projectRoot = "";
			targets = (
				E54FF26C2C16A03400C4B7BB /* Configuration */,
				E54FF2822C16A03500C4B7BB /* ConfigurationTests */,
				E54FF28C2C16A03500C4B7BB /* ConfigurationUITests */,
			);
		};
/* End PBXProject section */

/* Begin PBXResourcesBuildPhase section */
		E54FF26B2C16A03400C4B7BB /* Resources */ = {
			isa = PBXResourcesBuildPhase;
			buildActionMask = 2147483647;
			files = (
				E54FF27A2C16A03500C4B7BB /* Assets.xcassets in Resources */,
				E54FF27D2C16A03500C4B7BB /* Base in Resources */,
				E54FF2782C16A03400C4B7BB /* Base in Resources */,
			);
			runOnlyForDeploymentPostprocessing = 0;
		};
		E54FF2812C16A03500C4B7BB /* Resources */ = {
			isa = PBXResourcesBuildPhase;
			buildActionMask = 2147483647;
			files = (
			);
			runOnlyForDeploymentPostprocessing = 0;
		};
		E54FF28B2C16A03500C4B7BB /* Resources */ = {
			isa = PBXResourcesBuildPhase;
			buildActionMask = 2147483647;
			files = (
			);
			runOnlyForDeploymentPostprocessing = 0;
		};
/* End PBXResourcesBuildPhase section */

/* Begin PBXSourcesBuildPhase section */
		E54FF2692C16A03400C4B7BB /* Sources */ = {
			isa = PBXSourcesBuildPhase;
			buildActionMask = 2147483647;
			files = (
				E54FF2752C16A03400C4B7BB /* ViewController.swift in Sources */,
				E54FF2712C16A03400C4B7BB /* AppDelegate.swift in Sources */,
				E54FF2732C16A03400C4B7BB /* SceneDelegate.swift in Sources */,
			);
			runOnlyForDeploymentPostprocessing = 0;
		};
		E54FF27F2C16A03500C4B7BB /* Sources */ = {
			isa = PBXSourcesBuildPhase;
			buildActionMask = 2147483647;
			files = (
				E54FF2882C16A03500C4B7BB /* ConfigurationTests.swift in Sources */,
			);
			runOnlyForDeploymentPostprocessing = 0;
		};
		E54FF2892C16A03500C4B7BB /* Sources */ = {
			isa = PBXSourcesBuildPhase;
			buildActionMask = 2147483647;
			files = (
				E54FF2922C16A03500C4B7BB /* ConfigurationUITests.swift in Sources */,
				E54FF2942C16A03500C4B7BB /* ConfigurationUITestsLaunchTests.swift in Sources */,
			);
			runOnlyForDeploymentPostprocessing = 0;
		};
/* End PBXSourcesBuildPhase section */

/* Begin PBXTargetDependency section */
		E54FF2852C16A03500C4B7BB /* PBXTargetDependency */ = {
			isa = PBXTargetDependency;
			target = E54FF26C2C16A03400C4B7BB /* Configuration */;
			targetProxy = E54FF2842C16A03500C4B7BB /* PBXContainerItemProxy */;
		};
		E54FF28F2C16A03500C4B7BB /* PBXTargetDependency */ = {
			isa = PBXTargetDependency;
			target = E54FF26C2C16A03400C4B7BB /* Configuration */;
			targetProxy = E54FF28E2C16A03500C4B7BB /* PBXContainerItemProxy */;
		};
/* End PBXTargetDependency section */

/* Begin PBXVariantGroup section */
		E54FF2762C16A03400C4B7BB /* Main.storyboard */ = {
			isa = PBXVariantGroup;
			children = (
				E54FF2772C16A03400C4B7BB /* Base */,
			);
			name = Main.storyboard;
			sourceTree = "<group>";
		};
		E54FF27B2C16A03500C4B7BB /* LaunchScreen.storyboard */ = {
			isa = PBXVariantGroup;
			children = (
				E54FF27C2C16A03500C4B7BB /* Base */,
			);
			name = LaunchScreen.storyboard;
			sourceTree = "<group>";
		};
/* End PBXVariantGroup section */

/* Begin XCBuildConfiguration section */
		E54FF2952C16A03500C4B7BB /* Debug */ = {
			isa = XCBuildConfiguration;
			buildSettings = {
				ALWAYS_SEARCH_USER_PATHS = NO;
				ASSETCATALOG_COMPILER_GENERATE_SWIFT_ASSET_SYMBOL_EXTENSIONS = YES;
				CLANG_ANALYZER_NONNULL = YES;
				CLANG_ANALYZER_NUMBER_OBJECT_CONVERSION = YES_AGGRESSIVE;
				CLANG_CXX_LANGUAGE_STANDARD = "gnu++20";
				CLANG_ENABLE_MODULES = YES;
				CLANG_ENABLE_OBJC_ARC = YES;
				CLANG_ENABLE_OBJC_WEAK = YES;
				CLANG_WARN_BLOCK_CAPTURE_AUTORELEASING = YES;
				CLANG_WARN_BOOL_CONVERSION = YES;
				CLANG_WARN_COMMA = YES;
				CLANG_WARN_CONSTANT_CONVERSION = YES;
				CLANG_WARN_DEPRECATED_OBJC_IMPLEMENTATIONS = YES;
				CLANG_WARN_DIRECT_OBJC_ISA_USAGE = YES_ERROR;
				CLANG_WARN_DOCUMENTATION_COMMENTS = YES;
				CLANG_WARN_EMPTY_BODY = YES;
				CLANG_WARN_ENUM_CONVERSION = YES;
				CLANG_WARN_INFINITE_RECURSION = YES;
				CLANG_WARN_INT_CONVERSION = YES;
				CLANG_WARN_NON_LITERAL_NULL_CONVERSION = YES;
				CLANG_WARN_OBJC_IMPLICIT_RETAIN_SELF = YES;
				CLANG_WARN_OBJC_LITERAL_CONVERSION = YES;
				CLANG_WARN_OBJC_ROOT_CLASS = YES_ERROR;
				CLANG_WARN_QUOTED_INCLUDE_IN_FRAMEWORK_HEADER = YES;
				CLANG_WARN_RANGE_LOOP_ANALYSIS = YES;
				CLANG_WARN_STRICT_PROTOTYPES = YES;
				CLANG_WARN_SUSPICIOUS_MOVE = YES;
				CLANG_WARN_UNGUARDED_AVAILABILITY = YES_AGGRESSIVE;
				CLANG_WARN_UNREACHABLE_CODE = YES;
				CLANG_WARN__DUPLICATE_METHOD_MATCH = YES;
				COPY_PHASE_STRIP = NO;
				DEBUG_INFORMATION_FORMAT = dwarf;
				ENABLE_STRICT_OBJC_MSGSEND = YES;
				ENABLE_TESTABILITY = YES;
				ENABLE_USER_SCRIPT_SANDBOXING = YES;
				GCC_C_LANGUAGE_STANDARD = gnu17;
				GCC_DYNAMIC_NO_PIC = NO;
				GCC_NO_COMMON_BLOCKS = YES;
				GCC_OPTIMIZATION_LEVEL = 0;
				GCC_PREPROCESSOR_DEFINITIONS = (
					"DEBUG=1",
					"$(inherited)",
				);
				GCC_WARN_64_TO_32_BIT_CONVERSION = YES;
				GCC_WARN_ABOUT_RETURN_TYPE = YES_ERROR;
				GCC_WARN_UNDECLARED_SELECTOR = YES;
				GCC_WARN_UNINITIALIZED_AUTOS = YES_AGGRESSIVE;
				GCC_WARN_UNUSED_FUNCTION = YES;
				GCC_WARN_UNUSED_VARIABLE = YES;
				IPHONEOS_DEPLOYMENT_TARGET = 17.5;
				LOCALIZATION_PREFERS_STRING_CATALOGS = YES;
				MTL_ENABLE_DEBUG_INFO = INCLUDE_SOURCE;
				MTL_FAST_MATH = YES;
				ONLY_ACTIVE_ARCH = YES;
				SDKROOT = iphoneos;
				SWIFT_ACTIVE_COMPILATION_CONDITIONS = "DEBUG $(inherited)";
				SWIFT_OPTIMIZATION_LEVEL = "-Onone";
			};
			name = Debug;
		};
		E54FF2962C16A03500C4B7BB /* Release */ = {
			isa = XCBuildConfiguration;
			buildSettings = {
				ALWAYS_SEARCH_USER_PATHS = NO;
				ASSETCATALOG_COMPILER_GENERATE_SWIFT_ASSET_SYMBOL_EXTENSIONS = YES;
				CLANG_ANALYZER_NONNULL = YES;
				CLANG_ANALYZER_NUMBER_OBJECT_CONVERSION = YES_AGGRESSIVE;
				CLANG_CXX_LANGUAGE_STANDARD = "gnu++20";
				CLANG_ENABLE_MODULES = YES;
				CLANG_ENABLE_OBJC_ARC = YES;
				CLANG_ENABLE_OBJC_WEAK = YES;
				CLANG_WARN_BLOCK_CAPTURE_AUTORELEASING = YES;
				CLANG_WARN_BOOL_CONVERSION = YES;
				CLANG_WARN_COMMA = YES;
				CLANG_WARN_CONSTANT_CONVERSION = YES;
				CLANG_WARN_DEPRECATED_OBJC_IMPLEMENTATIONS = YES;
				CLANG_WARN_DIRECT_OBJC_ISA_USAGE = YES_ERROR;
				CLANG_WARN_DOCUMENTATION_COMMENTS = YES;
				CLANG_WARN_EMPTY_BODY = YES;
				CLANG_WARN_ENUM_CONVERSION = YES;
				CLANG_WARN_INFINITE_RECURSION = YES;
				CLANG_WARN_INT_CONVERSION = YES;
				CLANG_WARN_NON_LITERAL_NULL_CONVERSION = YES;
				CLANG_WARN_OBJC_IMPLICIT_RETAIN_SELF = YES;
				CLANG_WARN_OBJC_LITERAL_CONVERSION = YES;
				CLANG_WARN_OBJC_ROOT_CLASS = YES_ERROR;
				CLANG_WARN_QUOTED_INCLUDE_IN_FRAMEWORK_HEADER = YES;
				CLANG_WARN_RANGE_LOOP_ANALYSIS = YES;
				CLANG_WARN_STRICT_PROTOTYPES = YES;
				CLANG_WARN_SUSPICIOUS_MOVE = YES;
				CLANG_WARN_UNGUARDED_AVAILABILITY = YES_AGGRESSIVE;
				CLANG_WARN_UNREACHABLE_CODE = YES;
				CLANG_WARN__DUPLICATE_METHOD_MATCH = YES;
				COPY_PHASE_STRIP = NO;
				DEBUG_INFORMATION_FORMAT = "dwarf-with-dsym";
				ENABLE_NS_ASSERTIONS = NO;
				ENABLE_STRICT_OBJC_MSGSEND = YES;
				ENABLE_USER_SCRIPT_SANDBOXING = YES;
				GCC_C_LANGUAGE_STANDARD = gnu17;
				GCC_NO_COMMON_BLOCKS = YES;
				GCC_WARN_64_TO_32_BIT_CONVERSION = YES;
				GCC_WARN_ABOUT_RETURN_TYPE = YES_ERROR;
				GCC_WARN_UNDECLARED_SELECTOR = YES;
				GCC_WARN_UNINITIALIZED_AUTOS = YES_AGGRESSIVE;
				GCC_WARN_UNUSED_FUNCTION = YES;
				GCC_WARN_UNUSED_VARIABLE = YES;
				IPHONEOS_DEPLOYMENT_TARGET = 17.5;
				LOCALIZATION_PREFERS_STRING_CATALOGS = YES;
				MTL_ENABLE_DEBUG_INFO = NO;
				MTL_FAST_MATH = YES;
				SDKROOT = iphoneos;
				SWIFT_COMPILATION_MODE = wholemodule;
				VALIDATE_PRODUCT = YES;
			};
			name = Release;
		};
		E54FF2982C16A03500C4B7BB /* Debug */ = {
			isa = XCBuildConfiguration;
			buildSettings = {
				ASSETCATALOG_COMPILER_APPICON_NAME = AppIcon;
				ASSETCATALOG_COMPILER_GLOBAL_ACCENT_COLOR_NAME = AccentColor;
				CODE_SIGN_STYLE = Automatic;
				CURRENT_PROJECT_VERSION = 1;
				DEVELOPMENT_TEAM = P5U3KF2575;
				GENERATE_INFOPLIST_FILE = YES;
				INFOPLIST_FILE = Configuration/Info.plist;
				INFOPLIST_KEY_UIApplicationSupportsIndirectInputEvents = YES;
				INFOPLIST_KEY_UILaunchStoryboardName = LaunchScreen;
				INFOPLIST_KEY_UIMainStoryboardFile = Main;
				INFOPLIST_KEY_UISupportedInterfaceOrientations_iPad = "UIInterfaceOrientationPortrait UIInterfaceOrientationPortraitUpsideDown UIInterfaceOrientationLandscapeLeft UIInterfaceOrientationLandscapeRight";
				INFOPLIST_KEY_UISupportedInterfaceOrientations_iPhone = "UIInterfaceOrientationPortrait UIInterfaceOrientationLandscapeLeft UIInterfaceOrientationLandscapeRight";
				LD_RUNPATH_SEARCH_PATHS = (
					"$(inherited)",
					"@executable_path/Frameworks",
				);
				MARKETING_VERSION = 1.0;
				PRODUCT_BUNDLE_IDENTIFIER = mpc.Configuration;
				PRODUCT_NAME = "$(TARGET_NAME)";
				SWIFT_EMIT_LOC_STRINGS = YES;
				SWIFT_VERSION = 5.0;
				TARGETED_DEVICE_FAMILY = "1,2";
			};
			name = Debug;
		};
		E54FF2992C16A03500C4B7BB /* Release */ = {
			isa = XCBuildConfiguration;
			buildSettings = {
				ASSETCATALOG_COMPILER_APPICON_NAME = AppIcon;
				ASSETCATALOG_COMPILER_GLOBAL_ACCENT_COLOR_NAME = AccentColor;
				CODE_SIGN_STYLE = Automatic;
				CURRENT_PROJECT_VERSION = 1;
				DEVELOPMENT_TEAM = P5U3KF2575;
				GENERATE_INFOPLIST_FILE = YES;
				INFOPLIST_FILE = Configuration/Info.plist;
				INFOPLIST_KEY_UIApplicationSupportsIndirectInputEvents = YES;
				INFOPLIST_KEY_UILaunchStoryboardName = LaunchScreen;
				INFOPLIST_KEY_UIMainStoryboardFile = Main;
				INFOPLIST_KEY_UISupportedInterfaceOrientations_iPad = "UIInterfaceOrientationPortrait UIInterfaceOrientationPortraitUpsideDown UIInterfaceOrientationLandscapeLeft UIInterfaceOrientationLandscapeRight";
				INFOPLIST_KEY_UISupportedInterfaceOrientations_iPhone = "UIInterfaceOrientationPortrait UIInterfaceOrientationLandscapeLeft UIInterfaceOrientationLandscapeRight";
				LD_RUNPATH_SEARCH_PATHS = (
					"$(inherited)",
					"@executable_path/Frameworks",
				);
				MARKETING_VERSION = 1.0;
				PRODUCT_BUNDLE_IDENTIFIER = mpc.Configuration;
				PRODUCT_NAME = "$(TARGET_NAME)";
				SWIFT_EMIT_LOC_STRINGS = YES;
				SWIFT_VERSION = 5.0;
				TARGETED_DEVICE_FAMILY = "1,2";
			};
			name = Release;
		};
		E54FF29B2C16A03500C4B7BB /* Debug */ = {
			isa = XCBuildConfiguration;
			buildSettings = {
				ALWAYS_EMBED_SWIFT_STANDARD_LIBRARIES = YES;
				BUNDLE_LOADER = "$(TEST_HOST)";
				CODE_SIGN_STYLE = Automatic;
				CURRENT_PROJECT_VERSION = 1;
				DEVELOPMENT_TEAM = P5U3KF2575;
				GENERATE_INFOPLIST_FILE = YES;
				IPHONEOS_DEPLOYMENT_TARGET = 17.5;
				MARKETING_VERSION = 1.0;
				PRODUCT_BUNDLE_IDENTIFIER = mpc.ConfigurationTests;
				PRODUCT_NAME = "$(TARGET_NAME)";
				SWIFT_EMIT_LOC_STRINGS = NO;
				SWIFT_VERSION = 5.0;
				TARGETED_DEVICE_FAMILY = "1,2";
				TEST_HOST = "$(BUILT_PRODUCTS_DIR)/Configuration.app/$(BUNDLE_EXECUTABLE_FOLDER_PATH)/Configuration";
			};
			name = Debug;
		};
		E54FF29C2C16A03500C4B7BB /* Release */ = {
			isa = XCBuildConfiguration;
			buildSettings = {
				ALWAYS_EMBED_SWIFT_STANDARD_LIBRARIES = YES;
				BUNDLE_LOADER = "$(TEST_HOST)";
				CODE_SIGN_STYLE = Automatic;
				CURRENT_PROJECT_VERSION = 1;
				DEVELOPMENT_TEAM = P5U3KF2575;
				GENERATE_INFOPLIST_FILE = YES;
				IPHONEOS_DEPLOYMENT_TARGET = 17.5;
				MARKETING_VERSION = 1.0;
				PRODUCT_BUNDLE_IDENTIFIER = mpc.ConfigurationTests;
				PRODUCT_NAME = "$(TARGET_NAME)";
				SWIFT_EMIT_LOC_STRINGS = NO;
				SWIFT_VERSION = 5.0;
				TARGETED_DEVICE_FAMILY = "1,2";
				TEST_HOST = "$(BUILT_PRODUCTS_DIR)/Configuration.app/$(BUNDLE_EXECUTABLE_FOLDER_PATH)/Configuration";
			};
			name = Release;
		};
		E54FF29E2C16A03500C4B7BB /* Debug */ = {
			isa = XCBuildConfiguration;
			buildSettings = {
				ALWAYS_EMBED_SWIFT_STANDARD_LIBRARIES = YES;
				CODE_SIGN_STYLE = Automatic;
				CURRENT_PROJECT_VERSION = 1;
				DEVELOPMENT_TEAM = P5U3KF2575;
				GENERATE_INFOPLIST_FILE = YES;
				MARKETING_VERSION = 1.0;
				PRODUCT_BUNDLE_IDENTIFIER = mpc.ConfigurationUITests;
				PRODUCT_NAME = "$(TARGET_NAME)";
				SWIFT_EMIT_LOC_STRINGS = NO;
				SWIFT_VERSION = 5.0;
				TARGETED_DEVICE_FAMILY = "1,2";
				TEST_TARGET_NAME = Configuration;
			};
			name = Debug;
		};
		E54FF29F2C16A03500C4B7BB /* Release */ = {
			isa = XCBuildConfiguration;
			buildSettings = {
				ALWAYS_EMBED_SWIFT_STANDARD_LIBRARIES = YES;
				CODE_SIGN_STYLE = Automatic;
				CURRENT_PROJECT_VERSION = 1;
				DEVELOPMENT_TEAM = P5U3KF2575;
				GENERATE_INFOPLIST_FILE = YES;
				MARKETING_VERSION = 1.0;
				PRODUCT_BUNDLE_IDENTIFIER = mpc.ConfigurationUITests;
				PRODUCT_NAME = "$(TARGET_NAME)";
				SWIFT_EMIT_LOC_STRINGS = NO;
				SWIFT_VERSION = 5.0;
				TARGETED_DEVICE_FAMILY = "1,2";
				TEST_TARGET_NAME = Configuration;
			};
			name = Release;
		};
/* End XCBuildConfiguration section */

/* Begin XCConfigurationList section */
		E54FF2682C16A03400C4B7BB /* Build configuration list for PBXProject "Configuration" */ = {
			isa = XCConfigurationList;
			buildConfigurations = (
				E54FF2952C16A03500C4B7BB /* Debug */,
				E54FF2962C16A03500C4B7BB /* Release */,
			);
			defaultConfigurationIsVisible = 0;
			defaultConfigurationName = Release;
		};
		E54FF2972C16A03500C4B7BB /* Build configuration list for PBXNativeTarget "Configuration" */ = {
			isa = XCConfigurationList;
			buildConfigurations = (
				E54FF2982C16A03500C4B7BB /* Debug */,
				E54FF2992C16A03500C4B7BB /* Release */,
			);
			defaultConfigurationIsVisible = 0;
			defaultConfigurationName = Release;
		};
		E54FF29A2C16A03500C4B7BB /* Build configuration list for PBXNativeTarget "ConfigurationTests" */ = {
			isa = XCConfigurationList;
			buildConfigurations = (
				E54FF29B2C16A03500C4B7BB /* Debug */,
				E54FF29C2C16A03500C4B7BB /* Release */,
			);
			defaultConfigurationIsVisible = 0;
			defaultConfigurationName = Release;
		};
		E54FF29D2C16A03500C4B7BB /* Build configuration list for PBXNativeTarget "ConfigurationUITests" */ = {
			isa = XCConfigurationList;
			buildConfigurations = (
				E54FF29E2C16A03500C4B7BB /* Debug */,
				E54FF29F2C16A03500C4B7BB /* Release */,
			);
			defaultConfigurationIsVisible = 0;
			defaultConfigurationName = Release;
		};
/* End XCConfigurationList section */
	};
	rootObject = E54FF2652C16A03400C4B7BB /* Project object */;
}
